
Microsoft Visual Studio Solution File, Format Version 12.00
# Visual Studio 2013
VisualStudioVersion = 12.0.31101.0
MinimumVisualStudioVersion = 10.0.40219.1
Project("{FAE04EC0-301F-11D3-BF4B-00C04F79EFBC}") = "Zero.Cache", "Zero.Cache\Zero.Cache.csproj", "{C76789F6-D2FF-43C9-B32E-29CD43F348E4}"
EndProject
Project("{FAE04EC0-301F-11D3-BF4B-00C04F79EFBC}") = "Zero.Resource", "Zero.Resource\Zero.Resource.csproj", "{C1D7BF75-79DC-4BD1-8409-DDBA0EAF5B46}"
EndProject
Project("{FAE04EC0-301F-11D3-BF4B-00C04F79EFBC}") = "Zero.Utility", "Zero.Utilitiy\Zero.Utility.csproj", "{0958E366-1193-4EBF-BA7F-CCF887367E96}"
EndProject
Project("{FAE04EC0-301F-11D3-BF4B-00C04F79EFBC}") = "Zero.DataAccess", "Zero.DataAccess\Zero.DataAccess.csproj", "{6D5A4AC6-FA0A-47DA-BD69-194EDAE997EE}"
EndProject
Project("{2150E333-8FDC-42A3-9474-1A3956D46DE8}") = "_Framework", "_Framework", "{FB044281-0131-464A-9A78-4B5866B9A917}"
EndProject
Project("{2150E333-8FDC-42A3-9474-1A3956D46DE8}") = "_Core", "_Core", "{88EABBE7-E2CD-4A68-90CD-B7FC29647E48}"
EndProject
Project("{FAE04EC0-301F-11D3-BF4B-00C04F79EFBC}") = "Zero.Business", "Zero.Business\Zero.Business.csproj", "{0780C4D4-3054-4EBC-A083-E6E146717EF6}"
EndProject
Project("{FAE04EC0-301F-11D3-BF4B-00C04F79EFBC}") = "Zero.Entity", "Zero.Entity\Zero.Entity.csproj", "{68F6E189-B9A0-4786-A99F-F9763BDE3E19}"
EndProject
Project("{FAE04EC0-301F-11D3-BF4B-00C04F79EFBC}") = "Zero.Repository", "Zero.Repository\Zero.Repository.csproj", "{732086A3-C2F9-44D8-87CB-CFEEFD6A4441}"
EndProject
Project("{FAE04EC0-301F-11D3-BF4B-00C04F79EFBC}") = "Zero.WebService", "Zero.WebService\Zero.WebService.csproj", "{EB01D91E-5F22-451B-9E09-AA6AD9C5BE95}"
EndProject
Project("{FAE04EC0-301F-11D3-BF4B-00C04F79EFBC}") = "Zero.Web", "Zero.Web\Zero.Web.csproj", "{32C10A67-FBF4-4B95-BB4C-A87641ECB3A1}"
EndProject
Project("{2150E333-8FDC-42A3-9474-1A3956D46DE8}") = "_UI", "_UI", "{697DEE5C-5F65-4330-AA15-2B8CBCE1CDAD}"
EndProject
Project("{FAE04EC0-301F-11D3-BF4B-00C04F79EFBC}") = "Zero.Mobile", "Zero.Mobile\Zero.Mobile.csproj", "{E289CBAA-1FD0-49E8-92AA-28B1E84DF5BE}"
EndProject
Global
	GlobalSection(SolutionConfigurationPlatforms) = preSolution
		Debug|Any CPU = Debug|Any CPU
		Release|Any CPU = Release|Any CPU
	EndGlobalSection
	GlobalSection(ProjectConfigurationPlatforms) = postSolution
		{C76789F6-D2FF-43C9-B32E-29CD43F348E4}.Debug|Any CPU.ActiveCfg = Debug|Any CPU
		{C76789F6-D2FF-43C9-B32E-29CD43F348E4}.Debug|Any CPU.Build.0 = Debug|Any CPU
		{C76789F6-D2FF-43C9-B32E-29CD43F348E4}.Release|Any CPU.ActiveCfg = Release|Any CPU
		{C76789F6-D2FF-43C9-B32E-29CD43F348E4}.Release|Any CPU.Build.0 = Release|Any CPU
		{C1D7BF75-79DC-4BD1-8409-DDBA0EAF5B46}.Debug|Any CPU.ActiveCfg = Debug|Any CPU
		{C1D7BF75-79DC-4BD1-8409-DDBA0EAF5B46}.Debug|Any CPU.Build.0 = Debug|Any CPU
		{C1D7BF75-79DC-4BD1-8409-DDBA0EAF5B46}.Release|Any CPU.ActiveCfg = Release|Any CPU
		{C1D7BF75-79DC-4BD1-8409-DDBA0EAF5B46}.Release|Any CPU.Build.0 = Release|Any CPU
		{0958E366-1193-4EBF-BA7F-CCF887367E96}.Debug|Any CPU.ActiveCfg = Debug|Any CPU
		{0958E366-1193-4EBF-BA7F-CCF887367E96}.Debug|Any CPU.Build.0 = Debug|Any CPU
		{0958E366-1193-4EBF-BA7F-CCF887367E96}.Release|Any CPU.ActiveCfg = Release|Any CPU
		{0958E366-1193-4EBF-BA7F-CCF887367E96}.Release|Any CPU.Build.0 = Release|Any CPU
		{6D5A4AC6-FA0A-47DA-BD69-194EDAE997EE}.Debug|Any CPU.ActiveCfg = Debug|Any CPU
		{6D5A4AC6-FA0A-47DA-BD69-194EDAE997EE}.Debug|Any CPU.Build.0 = Debug|Any CPU
		{6D5A4AC6-FA0A-47DA-BD69-194EDAE997EE}.Release|Any CPU.ActiveCfg = Release|Any CPU
		{6D5A4AC6-FA0A-47DA-BD69-194EDAE997EE}.Release|Any CPU.Build.0 = Release|Any CPU
		{0780C4D4-3054-4EBC-A083-E6E146717EF6}.Debug|Any CPU.ActiveCfg = Debug|Any CPU
		{0780C4D4-3054-4EBC-A083-E6E146717EF6}.Debug|Any CPU.Build.0 = Debug|Any CPU
		{0780C4D4-3054-4EBC-A083-E6E146717EF6}.Release|Any CPU.ActiveCfg = Release|Any CPU
		{0780C4D4-3054-4EBC-A083-E6E146717EF6}.Release|Any CPU.Build.0 = Release|Any CPU
		{68F6E189-B9A0-4786-A99F-F9763BDE3E19}.Debug|Any CPU.ActiveCfg = Debug|Any CPU
		{68F6E189-B9A0-4786-A99F-F9763BDE3E19}.Debug|Any CPU.Build.0 = Debug|Any CPU
		{68F6E189-B9A0-4786-A99F-F9763BDE3E19}.Release|Any CPU.ActiveCfg = Release|Any CPU
		{68F6E189-B9A0-4786-A99F-F9763BDE3E19}.Release|Any CPU.Build.0 = Release|Any CPU
		{732086A3-C2F9-44D8-87CB-CFEEFD6A4441}.Debug|Any CPU.ActiveCfg = Debug|Any CPU
		{732086A3-C2F9-44D8-87CB-CFEEFD6A4441}.Debug|Any CPU.Build.0 = Debug|Any CPU
		{732086A3-C2F9-44D8-87CB-CFEEFD6A4441}.Release|Any CPU.ActiveCfg = Release|Any CPU
		{732086A3-C2F9-44D8-87CB-CFEEFD6A4441}.Release|Any CPU.Build.0 = Release|Any CPU
		{EB01D91E-5F22-451B-9E09-AA6AD9C5BE95}.Debug|Any CPU.ActiveCfg = Debug|Any CPU
		{EB01D91E-5F22-451B-9E09-AA6AD9C5BE95}.Debug|Any CPU.Build.0 = Debug|Any CPU
		{EB01D91E-5F22-451B-9E09-AA6AD9C5BE95}.Release|Any CPU.ActiveCfg = Release|Any CPU
		{EB01D91E-5F22-451B-9E09-AA6AD9C5BE95}.Release|Any CPU.Build.0 = Release|Any CPU
		{32C10A67-FBF4-4B95-BB4C-A87641ECB3A1}.Debug|Any CPU.ActiveCfg = Debug|Any CPU
		{32C10A67-FBF4-4B95-BB4C-A87641ECB3A1}.Debug|Any CPU.Build.0 = Debug|Any CPU
		{32C10A67-FBF4-4B95-BB4C-A87641ECB3A1}.Release|Any CPU.ActiveCfg = Release|Any CPU
		{32C10A67-FBF4-4B95-BB4C-A87641ECB3A1}.Release|Any CPU.Build.0 = Release|Any CPU
		{E289CBAA-1FD0-49E8-92AA-28B1E84DF5BE}.Debug|Any CPU.ActiveCfg = Debug|Any CPU
		{E289CBAA-1FD0-49E8-92AA-28B1E84DF5BE}.Debug|Any CPU.Build.0 = Debug|Any CPU
		{E289CBAA-1FD0-49E8-92AA-28B1E84DF5BE}.Release|Any CPU.ActiveCfg = Release|Any CPU
		{E289CBAA-1FD0-49E8-92AA-28B1E84DF5BE}.Release|Any CPU.Build.0 = Release|Any CPU
	EndGlobalSection
	GlobalSection(SolutionProperties) = preSolution
		HideSolutionNode = FALSE
	EndGlobalSection
	GlobalSection(NestedProjects) = preSolution
		{C76789F6-D2FF-43C9-B32E-29CD43F348E4} = {FB044281-0131-464A-9A78-4B5866B9A917}
		{C1D7BF75-79DC-4BD1-8409-DDBA0EAF5B46} = {FB044281-0131-464A-9A78-4B5866B9A917}
		{0958E366-1193-4EBF-BA7F-CCF887367E96} = {FB044281-0131-464A-9A78-4B5866B9A917}
		{0780C4D4-3054-4EBC-A083-E6E146717EF6} = {88EABBE7-E2CD-4A68-90CD-B7FC29647E48}
		{68F6E189-B9A0-4786-A99F-F9763BDE3E19} = {88EABBE7-E2CD-4A68-90CD-B7FC29647E48}
		{732086A3-C2F9-44D8-87CB-CFEEFD6A4441} = {88EABBE7-E2CD-4A68-90CD-B7FC29647E48}
		{32C10A67-FBF4-4B95-BB4C-A87641ECB3A1} = {697DEE5C-5F65-4330-AA15-2B8CBCE1CDAD}
		{E289CBAA-1FD0-49E8-92AA-28B1E84DF5BE} = {697DEE5C-5F65-4330-AA15-2B8CBCE1CDAD}
	EndGlobalSection
EndGlobal
